{
  "nodes": {
    "agenix": {
      "inputs": {
        "nixpkgs": [
          "nixpkgs"
        ]
      },
      "locked": {
        "lastModified": 1665870395,
        "narHash": "sha256-Tsbqb27LDNxOoPLh0gw2hIb6L/6Ow/6lIBvqcHzEKBI=",
        "owner": "ryantm",
        "repo": "agenix",
        "rev": "a630400067c6d03c9b3e0455347dc8559db14288",
        "type": "github"
      },
      "original": {
        "owner": "ryantm",
        "repo": "agenix",
        "type": "github"
      }
    },
    "home-manager": {
      "inputs": {
        "nixpkgs": [
          "nixpkgs"
        ],
        "utils": "utils"
      },
      "locked": {
        "lastModified": 1667898954,
        "narHash": "sha256-VqHVeoxcOl9M6yQ+LV3yTWMb0h5Rl5yixn9PCY/MJJo=",
        "owner": "nix-community",
        "repo": "home-manager",
        "rev": "d20e3d070c78271356a2d5d73c01f1de94586087",
        "type": "github"
      },
      "original": {
        "owner": "nix-community",
        "repo": "home-manager",
        "type": "github"
      }
    },
    "impermanence": {
      "locked": {
        "lastModified": 1661933071,
        "narHash": "sha256-RFgfzldpbCvS+H2qwH+EvNejvqs+NhPVD5j1I7HQQPY=",
        "owner": "nix-community",
        "repo": "impermanence",
        "rev": "def994adbdfc28974e87b0e4c949e776207d5557",
        "type": "github"
      },
      "original": {
        "owner": "nix-community",
        "repo": "impermanence",
        "type": "github"
      }
    },
    "nixpkgs": {
      "locked": {
        "lastModified": 1667811565,
        "narHash": "sha256-HYml7RdQPQ7X13VNe2CoDMqmifsXbt4ACTKxHRKQE3Q=",
        "owner": "NixOS",
        "repo": "nixpkgs",
        "rev": "667e5581d16745bcda791300ae7e2d73f49fff25",
        "type": "github"
      },
      "original": {
        "id": "nixpkgs",
        "ref": "nixos-unstable",
        "type": "indirect"
      }
    },
    "root": {
      "inputs": {
        "agenix": "agenix",
        "home-manager": "home-manager",
        "impermanence": "impermanence",
        "nixpkgs": "nixpkgs",
        "sweet-home": "sweet-home",
        "vscode-server": "vscode-server",
        "wired": "wired"
      }
    },
    "sweet-home": {
      "locked": {
        "lastModified": 1667907635,
        "narHash": "sha256-h3vE2jhp2bLi/DsKGys7gEmObHoTwkSzdpigPFEiOCs=",
        "owner": "uonr",
        "repo": "sweet-home",
        "rev": "abe0c17984343b1ca5e6f701e1921d25eb27c38f",
        "type": "github"
      },
      "original": {
        "owner": "uonr",
        "repo": "sweet-home",
        "type": "github"
      }
    },
    "utils": {
      "locked": {
        "lastModified": 1667395993,
        "narHash": "sha256-nuEHfE/LcWyuSWnS8t12N1wc105Qtau+/OdUAjtQ0rA=",
        "owner": "numtide",
        "repo": "flake-utils",
        "rev": "5aed5285a952e0b949eb3ba02c12fa4fcfef535f",
        "type": "github"
      },
      "original": {
        "owner": "numtide",
        "repo": "flake-utils",
        "type": "github"
      }
    },
    "vscode-server": {
      "inputs": {
        "nixpkgs": [
          "nixpkgs"
        ]
      },
      "locked": {
        "lastModified": 1662442857,
        "narHash": "sha256-e2ex4mO4q6UBoJvPSRdYBX1vIvpulqs6SNxvdSsL6uE=",
        "owner": "msteen",
        "repo": "nixos-vscode-server",
        "rev": "c54b714db58ad05d064f394d6603751ee6bd04f6",
        "type": "github"
      },
      "original": {
        "owner": "msteen",
        "repo": "nixos-vscode-server",
        "type": "github"
      }
    },
    "wired": {
      "locked": {
        "lastModified": 1667906052,
        "narHash": "sha256-tIVWMXNYKl2M2pObDeki5sFqte8djmr6pSyjDpxw4PA=",
        "ref": "refs/heads/master",
        "rev": "919f0c59749eb4e149aab9e7db3878d615619e10",
        "revCount": 1,
        "type": "git",
        "url": "ssh://git@github.com/wired-network/wired-nix"
      },
      "original": {
        "type": "git",
        "url": "ssh://git@github.com/wired-network/wired-nix"
      }
    }
  },
  "root": "root",
  "version": 7
}
